// !$*UTF8*$!
{
	archiveVersion = 1;
	classes = {
	};
	objectVersion = 56;
	objects = {

/* Begin PBXBuildFile section */
		18A117B329979868008BA6A1 /* ForgotPasswordView.swift in Sources */ = {isa = PBXBuildFile; fileRef = 18A117B229979868008BA6A1 /* ForgotPasswordView.swift */; };
		18C3302C2994F8DD00B879B6 /* FireBaseAuthWithoutPod_POCApp.swift in Sources */ = {isa = PBXBuildFile; fileRef = 18C3302B2994F8DD00B879B6 /* FireBaseAuthWithoutPod_POCApp.swift */; };
		18C330302994F8DE00B879B6 /* Assets.xcassets in Resources */ = {isa = PBXBuildFile; fileRef = 18C3302F2994F8DE00B879B6 /* Assets.xcassets */; };
		18C330332994F8DE00B879B6 /* Preview Assets.xcassets in Resources */ = {isa = PBXBuildFile; fileRef = 18C330322994F8DE00B879B6 /* Preview Assets.xcassets */; };
		18C3303C2994F92C00B879B6 /* PasswordField.swift in Sources */ = {isa = PBXBuildFile; fileRef = 18C3303B2994F92C00B879B6 /* PasswordField.swift */; };
		18C3303E2994F95300B879B6 /* SignUpView.swift in Sources */ = {isa = PBXBuildFile; fileRef = 18C3303D2994F95300B879B6 /* SignUpView.swift */; };
		18C330402994F95A00B879B6 /* LoginView.swift in Sources */ = {isa = PBXBuildFile; fileRef = 18C3303F2994F95A00B879B6 /* LoginView.swift */; };
		18C330422994F96200B879B6 /* LoginViewModel.swift in Sources */ = {isa = PBXBuildFile; fileRef = 18C330412994F96200B879B6 /* LoginViewModel.swift */; };
		18C330442994F96800B879B6 /* DashboardView.swift in Sources */ = {isa = PBXBuildFile; fileRef = 18C330432994F96800B879B6 /* DashboardView.swift */; };
		18C330462994F96E00B879B6 /* SideMenuView.swift in Sources */ = {isa = PBXBuildFile; fileRef = 18C330452994F96E00B879B6 /* SideMenuView.swift */; };
		18C3304C2994F98300B879B6 /* ColorExtension.swift in Sources */ = {isa = PBXBuildFile; fileRef = 18C3304B2994F98300B879B6 /* ColorExtension.swift */; };
		18C3304E2994F98900B879B6 /* ProgressLoader.swift in Sources */ = {isa = PBXBuildFile; fileRef = 18C3304D2994F98900B879B6 /* ProgressLoader.swift */; };
		18C330502994F98F00B879B6 /* Extention + UserDefault.swift in Sources */ = {isa = PBXBuildFile; fileRef = 18C3304F2994F98F00B879B6 /* Extention + UserDefault.swift */; };
		18C3306C2994FB8100B879B6 /* TextFieldClearButton.swift in Sources */ = {isa = PBXBuildFile; fileRef = 18C3306B2994FB8100B879B6 /* TextFieldClearButton.swift */; };
		18C330702994FDEF00B879B6 /* GoogleService-Info.plist in Resources */ = {isa = PBXBuildFile; fileRef = 18C3306F2994FDEF00B879B6 /* GoogleService-Info.plist */; };
		18C330732994FF4600B879B6 /* FirebaseAuth in Frameworks */ = {isa = PBXBuildFile; productRef = 18C330722994FF4600B879B6 /* FirebaseAuth */; };
		18C330752994FF4600B879B6 /* FirebaseDatabase in Frameworks */ = {isa = PBXBuildFile; productRef = 18C330742994FF4600B879B6 /* FirebaseDatabase */; };
		18C330772994FF4600B879B6 /* FirebaseFirestore in Frameworks */ = {isa = PBXBuildFile; productRef = 18C330762994FF4600B879B6 /* FirebaseFirestore */; };
		18C330792994FF4600B879B6 /* FirebaseFirestoreSwift in Frameworks */ = {isa = PBXBuildFile; productRef = 18C330782994FF4600B879B6 /* FirebaseFirestoreSwift */; };
/* End PBXBuildFile section */

/* Begin PBXFileReference section */
		18A117B229979868008BA6A1 /* ForgotPasswordView.swift */ = {isa = PBXFileReference; lastKnownFileType = sourcecode.swift; path = ForgotPasswordView.swift; sourceTree = "<group>"; };
		18C330282994F8DD00B879B6 /* FireBaseAuthWithoutPod POC.app */ = {isa = PBXFileReference; explicitFileType = wrapper.application; includeInIndex = 0; path = "FireBaseAuthWithoutPod POC.app"; sourceTree = BUILT_PRODUCTS_DIR; };
		18C3302B2994F8DD00B879B6 /* FireBaseAuthWithoutPod_POCApp.swift */ = {isa = PBXFileReference; lastKnownFileType = sourcecode.swift; path = FireBaseAuthWithoutPod_POCApp.swift; sourceTree = "<group>"; };
		18C3302F2994F8DE00B879B6 /* Assets.xcassets */ = {isa = PBXFileReference; lastKnownFileType = folder.assetcatalog; path = Assets.xcassets; sourceTree = "<group>"; };
		18C330322994F8DE00B879B6 /* Preview Assets.xcassets */ = {isa = PBXFileReference; lastKnownFileType = folder.assetcatalog; path = "Preview Assets.xcassets"; sourceTree = "<group>"; };
		18C3303B2994F92C00B879B6 /* PasswordField.swift */ = {isa = PBXFileReference; fileEncoding = 4; lastKnownFileType = sourcecode.swift; path = PasswordField.swift; sourceTree = "<group>"; };
		18C3303D2994F95300B879B6 /* SignUpView.swift */ = {isa = PBXFileReference; fileEncoding = 4; lastKnownFileType = sourcecode.swift; path = SignUpView.swift; sourceTree = "<group>"; };
		18C3303F2994F95A00B879B6 /* LoginView.swift */ = {isa = PBXFileReference; fileEncoding = 4; lastKnownFileType = sourcecode.swift; path = LoginView.swift; sourceTree = "<group>"; };
		18C330412994F96200B879B6 /* LoginViewModel.swift */ = {isa = PBXFileReference; fileEncoding = 4; lastKnownFileType = sourcecode.swift; path = LoginViewModel.swift; sourceTree = "<group>"; };
		18C330432994F96800B879B6 /* DashboardView.swift */ = {isa = PBXFileReference; fileEncoding = 4; lastKnownFileType = sourcecode.swift; path = DashboardView.swift; sourceTree = "<group>"; };
		18C330452994F96E00B879B6 /* SideMenuView.swift */ = {isa = PBXFileReference; fileEncoding = 4; lastKnownFileType = sourcecode.swift; path = SideMenuView.swift; sourceTree = "<group>"; };
		18C3304B2994F98300B879B6 /* ColorExtension.swift */ = {isa = PBXFileReference; fileEncoding = 4; lastKnownFileType = sourcecode.swift; path = ColorExtension.swift; sourceTree = "<group>"; };
		18C3304D2994F98900B879B6 /* ProgressLoader.swift */ = {isa = PBXFileReference; fileEncoding = 4; lastKnownFileType = sourcecode.swift; path = ProgressLoader.swift; sourceTree = "<group>"; };
		18C3304F2994F98F00B879B6 /* Extention + UserDefault.swift */ = {isa = PBXFileReference; fileEncoding = 4; lastKnownFileType = sourcecode.swift; path = "Extention + UserDefault.swift"; sourceTree = "<group>"; };
		18C3306B2994FB8100B879B6 /* TextFieldClearButton.swift */ = {isa = PBXFileReference; fileEncoding = 4; lastKnownFileType = sourcecode.swift; path = TextFieldClearButton.swift; sourceTree = "<group>"; };
		18C3306F2994FDEF00B879B6 /* GoogleService-Info.plist */ = {isa = PBXFileReference; fileEncoding = 4; lastKnownFileType = text.plist.xml; path = "GoogleService-Info.plist"; sourceTree = "<group>"; };
/* End PBXFileReference section */

/* Begin PBXFrameworksBuildPhase section */
		18C330252994F8DD00B879B6 /* Frameworks */ = {
			isa = PBXFrameworksBuildPhase;
			buildActionMask = 2147483647;
			files = (
				18C330752994FF4600B879B6 /* FirebaseDatabase in Frameworks */,
				18C330732994FF4600B879B6 /* FirebaseAuth in Frameworks */,
				18C330772994FF4600B879B6 /* FirebaseFirestore in Frameworks */,
				18C330792994FF4600B879B6 /* FirebaseFirestoreSwift in Frameworks */,
			);
			runOnlyForDeploymentPostprocessing = 0;
		};
/* End PBXFrameworksBuildPhase section */

/* Begin PBXGroup section */
		18416445299662F20094771A /* SignUpView */ = {
			isa = PBXGroup;
			children = (
				18C3303D2994F95300B879B6 /* SignUpView.swift */,
			);
			path = SignUpView;
			sourceTree = "<group>";
		};
		18416446299663280094771A /* LoginView */ = {
			isa = PBXGroup;
			children = (
				18C3303F2994F95A00B879B6 /* LoginView.swift */,
				18C330412994F96200B879B6 /* LoginViewModel.swift */,
			);
			path = LoginView;
			sourceTree = "<group>";
		};
		184164472996634B0094771A /* DashBoardView */ = {
			isa = PBXGroup;
			children = (
				18C330432994F96800B879B6 /* DashboardView.swift */,
				18C330452994F96E00B879B6 /* SideMenuView.swift */,
				18416448299663720094771A /* ExtentionFiles */,
			);
			path = DashBoardView;
			sourceTree = "<group>";
		};
		18416448299663720094771A /* ExtentionFiles */ = {
			isa = PBXGroup;
			children = (
				18C3304B2994F98300B879B6 /* ColorExtension.swift */,
				18C3304D2994F98900B879B6 /* ProgressLoader.swift */,
				18C3304F2994F98F00B879B6 /* Extention + UserDefault.swift */,
			);
			path = ExtentionFiles;
			sourceTree = "<group>";
		};
		18416449299663930094771A /* ViewModifyer */ = {
			isa = PBXGroup;
			children = (
				18C3303B2994F92C00B879B6 /* PasswordField.swift */,
				18C3306B2994FB8100B879B6 /* TextFieldClearButton.swift */,
			);
			path = ViewModifyer;
			sourceTree = "<group>";
		};
		18A117B12997983D008BA6A1 /* ForgotPasswordView */ = {
			isa = PBXGroup;
			children = (
				18A117B229979868008BA6A1 /* ForgotPasswordView.swift */,
			);
			path = ForgotPasswordView;
			sourceTree = "<group>";
		};
		18C3301F2994F8DD00B879B6 = {
			isa = PBXGroup;
			children = (
				18C3302A2994F8DD00B879B6 /* FireBaseAuthWithoutPod POC */,
				18C330292994F8DD00B879B6 /* Products */,
			);
			sourceTree = "<group>";
		};
		18C330292994F8DD00B879B6 /* Products */ = {
			isa = PBXGroup;
			children = (
				18C330282994F8DD00B879B6 /* FireBaseAuthWithoutPod POC.app */,
			);
			name = Products;
			sourceTree = "<group>";
		};
		18C3302A2994F8DD00B879B6 /* FireBaseAuthWithoutPod POC */ = {
			isa = PBXGroup;
			children = (
				18C3306F2994FDEF00B879B6 /* GoogleService-Info.plist */,
				18C3302B2994F8DD00B879B6 /* FireBaseAuthWithoutPod_POCApp.swift */,
				18416449299663930094771A /* ViewModifyer */,
				18416445299662F20094771A /* SignUpView */,
				18416446299663280094771A /* LoginView */,
				18A117B12997983D008BA6A1 /* ForgotPasswordView */,
				184164472996634B0094771A /* DashBoardView */,
				18C3302F2994F8DE00B879B6 /* Assets.xcassets */,
				18C330312994F8DE00B879B6 /* Preview Content */,
			);
			path = "FireBaseAuthWithoutPod POC";
			sourceTree = "<group>";
		};
		18C330312994F8DE00B879B6 /* Preview Content */ = {
			isa = PBXGroup;
			children = (
				18C330322994F8DE00B879B6 /* Preview Assets.xcassets */,
			);
			path = "Preview Content";
			sourceTree = "<group>";
		};
/* End PBXGroup section */

/* Begin PBXNativeTarget section */
		18C330272994F8DD00B879B6 /* FireBaseAuthWithoutPod POC */ = {
			isa = PBXNativeTarget;
			buildConfigurationList = 18C330362994F8DE00B879B6 /* Build configuration list for PBXNativeTarget "FireBaseAuthWithoutPod POC" */;
			buildPhases = (
				18C330242994F8DD00B879B6 /* Sources */,
				18C330252994F8DD00B879B6 /* Frameworks */,
				18C330262994F8DD00B879B6 /* Resources */,
			);
			buildRules = (
			);
			dependencies = (
			);
			name = "FireBaseAuthWithoutPod POC";
			packageProductDependencies = (
				18C330722994FF4600B879B6 /* FirebaseAuth */,
				18C330742994FF4600B879B6 /* FirebaseDatabase */,
				18C330762994FF4600B879B6 /* FirebaseFirestore */,
				18C330782994FF4600B879B6 /* FirebaseFirestoreSwift */,
			);
			productName = "FireBaseAuthWithoutPod POC";
			productReference = 18C330282994F8DD00B879B6 /* FireBaseAuthWithoutPod POC.app */;
			productType = "com.apple.product-type.application";
		};
/* End PBXNativeTarget section */

/* Begin PBXProject section */
		18C330202994F8DD00B879B6 /* Project object */ = {
			isa = PBXProject;
			attributes = {
				BuildIndependentTargetsInParallel = 1;
				LastSwiftUpdateCheck = 1410;
				LastUpgradeCheck = 1410;
				TargetAttributes = {
					18C330272994F8DD00B879B6 = {
						CreatedOnToolsVersion = 14.1;
					};
				};
			};
			buildConfigurationList = 18C330232994F8DD00B879B6 /* Build configuration list for PBXProject "FireBaseAuthWithoutPod POC" */;
			compatibilityVersion = "Xcode 14.0";
			developmentRegion = en;
			hasScannedForEncodings = 0;
			knownRegions = (
				en,
				Base,
			);
			mainGroup = 18C3301F2994F8DD00B879B6;
			packageReferences = (
				18C330712994FF4500B879B6 /* XCRemoteSwiftPackageReference "firebase-ios-sdk" */,
			);
			productRefGroup = 18C330292994F8DD00B879B6 /* Products */;
			projectDirPath = "";
			projectRoot = "";
			targets = (
				18C330272994F8DD00B879B6 /* FireBaseAuthWithoutPod POC */,
			);
		};
/* End PBXProject section */

/* Begin PBXResourcesBuildPhase section */
		18C330262994F8DD00B879B6 /* Resources */ = {
			isa = PBXResourcesBuildPhase;
			buildActionMask = 2147483647;
			files = (
				18C330332994F8DE00B879B6 /* Preview Assets.xcassets in Resources */,
				18C330302994F8DE00B879B6 /* Assets.xcassets in Resources */,
				18C330702994FDEF00B879B6 /* GoogleService-Info.plist in Resources */,
			);
			runOnlyForDeploymentPostprocessing = 0;
		};
/* End PBXResourcesBuildPhase section */

/* Begin PBXSourcesBuildPhase section */
		18C330242994F8DD00B879B6 /* Sources */ = {
			isa = PBXSourcesBuildPhase;
			buildActionMask = 2147483647;
			files = (
				18C330402994F95A00B879B6 /* LoginView.swift in Sources */,
				18C330442994F96800B879B6 /* DashboardView.swift in Sources */,
				18C3304C2994F98300B879B6 /* ColorExtension.swift in Sources */,
				18C3303E2994F95300B879B6 /* SignUpView.swift in Sources */,
				18C3304E2994F98900B879B6 /* ProgressLoader.swift in Sources */,
				18C3303C2994F92C00B879B6 /* PasswordField.swift in Sources */,
				18C330462994F96E00B879B6 /* SideMenuView.swift in Sources */,
				18C3302C2994F8DD00B879B6 /* FireBaseAuthWithoutPod_POCApp.swift in Sources */,
				18C330422994F96200B879B6 /* LoginViewModel.swift in Sources */,
				18C3306C2994FB8100B879B6 /* TextFieldClearButton.swift in Sources */,
				18A117B329979868008BA6A1 /* ForgotPasswordView.swift in Sources */,
				18C330502994F98F00B879B6 /* Extention + UserDefault.swift in Sources */,
			);
			runOnlyForDeploymentPostprocessing = 0;
		};
/* End PBXSourcesBuildPhase section */

/* Begin XCBuildConfiguration section */
		18C330342994F8DE00B879B6 /* Debug */ = {
			isa = XCBuildConfiguration;
			buildSettings = {
				ALWAYS_SEARCH_USER_PATHS = NO;
				CLANG_ANALYZER_NONNULL = YES;
				CLANG_ANALYZER_NUMBER_OBJECT_CONVERSION = YES_AGGRESSIVE;
				CLANG_CXX_LANGUAGE_STANDARD = "gnu++20";
				CLANG_ENABLE_MODULES = YES;
				CLANG_ENABLE_OBJC_ARC = YES;
				CLANG_ENABLE_OBJC_WEAK = YES;
				CLANG_WARN_BLOCK_CAPTURE_AUTORELEASING = YES;
				CLANG_WARN_BOOL_CONVERSION = YES;
				CLANG_WARN_COMMA = YES;
				CLANG_WARN_CONSTANT_CONVERSION = YES;
				CLANG_WARN_DEPRECATED_OBJC_IMPLEMENTATIONS = YES;
				CLANG_WARN_DIRECT_OBJC_ISA_USAGE = YES_ERROR;
				CLANG_WARN_DOCUMENTATION_COMMENTS = YES;
				CLANG_WARN_EMPTY_BODY = YES;
				CLANG_WARN_ENUM_CONVERSION = YES;
				CLANG_WARN_INFINITE_RECURSION = YES;
				CLANG_WARN_INT_CONVERSION = YES;
				CLANG_WARN_NON_LITERAL_NULL_CONVERSION = YES;
				CLANG_WARN_OBJC_IMPLICIT_RETAIN_SELF = YES;
				CLANG_WARN_OBJC_LITERAL_CONVERSION = YES;
				CLANG_WARN_OBJC_ROOT_CLASS = YES_ERROR;
				CLANG_WARN_QUOTED_INCLUDE_IN_FRAMEWORK_HEADER = YES;
				CLANG_WARN_RANGE_LOOP_ANALYSIS = YES;
				CLANG_WARN_STRICT_PROTOTYPES = YES;
				CLANG_WARN_SUSPICIOUS_MOVE = YES;
				CLANG_WARN_UNGUARDED_AVAILABILITY = YES_AGGRESSIVE;
				CLANG_WARN_UNREACHABLE_CODE = YES;
				CLANG_WARN__DUPLICATE_METHOD_MATCH = YES;
				COPY_PHASE_STRIP = NO;
				DEBUG_INFORMATION_FORMAT = dwarf;
				ENABLE_STRICT_OBJC_MSGSEND = YES;
				ENABLE_TESTABILITY = YES;
				GCC_C_LANGUAGE_STANDARD = gnu11;
				GCC_DYNAMIC_NO_PIC = NO;
				GCC_NO_COMMON_BLOCKS = YES;
				GCC_OPTIMIZATION_LEVEL = 0;
				GCC_PREPROCESSOR_DEFINITIONS = (
					"DEBUG=1",
					"$(inherited)",
				);
				GCC_WARN_64_TO_32_BIT_CONVERSION = YES;
				GCC_WARN_ABOUT_RETURN_TYPE = YES_ERROR;
				GCC_WARN_UNDECLARED_SELECTOR = YES;
				GCC_WARN_UNINITIALIZED_AUTOS = YES_AGGRESSIVE;
				GCC_WARN_UNUSED_FUNCTION = YES;
				GCC_WARN_UNUSED_VARIABLE = YES;
				IPHONEOS_DEPLOYMENT_TARGET = 16.1;
				MTL_ENABLE_DEBUG_INFO = INCLUDE_SOURCE;
				MTL_FAST_MATH = YES;
				ONLY_ACTIVE_ARCH = YES;
				SDKROOT = iphoneos;
				SWIFT_ACTIVE_COMPILATION_CONDITIONS = DEBUG;
				SWIFT_OPTIMIZATION_LEVEL = "-Onone";
			};
			name = Debug;
		};
		18C330352994F8DE00B879B6 /* Release */ = {
			isa = XCBuildConfiguration;
			buildSettings = {
				ALWAYS_SEARCH_USER_PATHS = NO;
				CLANG_ANALYZER_NONNULL = YES;
				CLANG_ANALYZER_NUMBER_OBJECT_CONVERSION = YES_AGGRESSIVE;
				CLANG_CXX_LANGUAGE_STANDARD = "gnu++20";
				CLANG_ENABLE_MODULES = YES;
				CLANG_ENABLE_OBJC_ARC = YES;
				CLANG_ENABLE_OBJC_WEAK = YES;
				CLANG_WARN_BLOCK_CAPTURE_AUTORELEASING = YES;
				CLANG_WARN_BOOL_CONVERSION = YES;
				CLANG_WARN_COMMA = YES;
				CLANG_WARN_CONSTANT_CONVERSION = YES;
				CLANG_WARN_DEPRECATED_OBJC_IMPLEMENTATIONS = YES;
				CLANG_WARN_DIRECT_OBJC_ISA_USAGE = YES_ERROR;
				CLANG_WARN_DOCUMENTATION_COMMENTS = YES;
				CLANG_WARN_EMPTY_BODY = YES;
				CLANG_WARN_ENUM_CONVERSION = YES;
				CLANG_WARN_INFINITE_RECURSION = YES;
				CLANG_WARN_INT_CONVERSION = YES;
				CLANG_WARN_NON_LITERAL_NULL_CONVERSION = YES;
				CLANG_WARN_OBJC_IMPLICIT_RETAIN_SELF = YES;
				CLANG_WARN_OBJC_LITERAL_CONVERSION = YES;
				CLANG_WARN_OBJC_ROOT_CLASS = YES_ERROR;
				CLANG_WARN_QUOTED_INCLUDE_IN_FRAMEWORK_HEADER = YES;
				CLANG_WARN_RANGE_LOOP_ANALYSIS = YES;
				CLANG_WARN_STRICT_PROTOTYPES = YES;
				CLANG_WARN_SUSPICIOUS_MOVE = YES;
				CLANG_WARN_UNGUARDED_AVAILABILITY = YES_AGGRESSIVE;
				CLANG_WARN_UNREACHABLE_CODE = YES;
				CLANG_WARN__DUPLICATE_METHOD_MATCH = YES;
				COPY_PHASE_STRIP = NO;
				DEBUG_INFORMATION_FORMAT = "dwarf-with-dsym";
				ENABLE_NS_ASSERTIONS = NO;
				ENABLE_STRICT_OBJC_MSGSEND = YES;
				GCC_C_LANGUAGE_STANDARD = gnu11;
				GCC_NO_COMMON_BLOCKS = YES;
				GCC_WARN_64_TO_32_BIT_CONVERSION = YES;
				GCC_WARN_ABOUT_RETURN_TYPE = YES_ERROR;
				GCC_WARN_UNDECLARED_SELECTOR = YES;
				GCC_WARN_UNINITIALIZED_AUTOS = YES_AGGRESSIVE;
				GCC_WARN_UNUSED_FUNCTION = YES;
				GCC_WARN_UNUSED_VARIABLE = YES;
				IPHONEOS_DEPLOYMENT_TARGET = 16.1;
				MTL_ENABLE_DEBUG_INFO = NO;
				MTL_FAST_MATH = YES;
				SDKROOT = iphoneos;
				SWIFT_COMPILATION_MODE = wholemodule;
				SWIFT_OPTIMIZATION_LEVEL = "-O";
				VALIDATE_PRODUCT = YES;
			};
			name = Release;
		};
		18C330372994F8DE00B879B6 /* Debug */ = {
			isa = XCBuildConfiguration;
			buildSettings = {
				ASSETCATALOG_COMPILER_APPICON_NAME = AppIcon;
				ASSETCATALOG_COMPILER_GLOBAL_ACCENT_COLOR_NAME = AccentColor;
				CODE_SIGN_STYLE = Automatic;
				CURRENT_PROJECT_VERSION = 1;
				DEVELOPMENT_ASSET_PATHS = "\"FireBaseAuthWithoutPod POC/Preview Content\"";
				DEVELOPMENT_TEAM = SY4CHD2YQ6;
				ENABLE_PREVIEWS = YES;
				GENERATE_INFOPLIST_FILE = YES;
				INFOPLIST_KEY_UIApplicationSceneManifest_Generation = YES;
				INFOPLIST_KEY_UIApplicationSupportsIndirectInputEvents = YES;
				INFOPLIST_KEY_UILaunchScreen_Generation = YES;
				INFOPLIST_KEY_UISupportedInterfaceOrientations_iPad = "UIInterfaceOrientationPortrait UIInterfaceOrientationPortraitUpsideDown UIInterfaceOrientationLandscapeLeft UIInterfaceOrientationLandscapeRight";
				INFOPLIST_KEY_UISupportedInterfaceOrientations_iPhone = "UIInterfaceOrientationPortrait UIInterfaceOrientationLandscapeLeft UIInterfaceOrientationLandscapeRight";
				IPHONEOS_DEPLOYMENT_TARGET = 14.0;
				LD_RUNPATH_SEARCH_PATHS = (
					"$(inherited)",
					"@executable_path/Frameworks",
				);
				MARKETING_VERSION = 1.0;
				PRODUCT_BUNDLE_IDENTIFIER = "com.digival.FireBaseAuthWithoutPod-POC";
				PRODUCT_NAME = "$(TARGET_NAME)";
				SWIFT_EMIT_LOC_STRINGS = YES;
				SWIFT_VERSION = 5.0;
				TARGETED_DEVICE_FAMILY = "1,2";
			};
			name = Debug;
		};
		18C330382994F8DE00B879B6 /* Release */ = {
			isa = XCBuildConfiguration;
			buildSettings = {
				ASSETCATALOG_COMPILER_APPICON_NAME = AppIcon;
				ASSETCATALOG_COMPILER_GLOBAL_ACCENT_COLOR_NAME = AccentColor;
				CODE_SIGN_STYLE = Automatic;
				CURRENT_PROJECT_VERSION = 1;
				DEVELOPMENT_ASSET_PATHS = "\"FireBaseAuthWithoutPod POC/Preview Content\"";
				DEVELOPMENT_TEAM = SY4CHD2YQ6;
				ENABLE_PREVIEWS = YES;
				GENERATE_INFOPLIST_FILE = YES;
				INFOPLIST_KEY_UIApplicationSceneManifest_Generation = YES;
				INFOPLIST_KEY_UIApplicationSupportsIndirectInputEvents = YES;
				INFOPLIST_KEY_UILaunchScreen_Generation = YES;
				INFOPLIST_KEY_UISupportedInterfaceOrientations_iPad = "UIInterfaceOrientationPortrait UIInterfaceOrientationPortraitUpsideDown UIInterfaceOrientationLandscapeLeft UIInterfaceOrientationLandscapeRight";
				INFOPLIST_KEY_UISupportedInterfaceOrientations_iPhone = "UIInterfaceOrientationPortrait UIInterfaceOrientationLandscapeLeft UIInterfaceOrientationLandscapeRight";
				IPHONEOS_DEPLOYMENT_TARGET = 14.0;
				LD_RUNPATH_SEARCH_PATHS = (
					"$(inherited)",
					"@executable_path/Frameworks",
				);
				MARKETING_VERSION = 1.0;
				PRODUCT_BUNDLE_IDENTIFIER = "com.digival.FireBaseAuthWithoutPod-POC";
				PRODUCT_NAME = "$(TARGET_NAME)";
				SWIFT_EMIT_LOC_STRINGS = YES;
				SWIFT_VERSION = 5.0;
				TARGETED_DEVICE_FAMILY = "1,2";
			};
			name = Release;
		};
/* End XCBuildConfiguration section */

/* Begin XCConfigurationList section */
		18C330232994F8DD00B879B6 /* Build configuration list for PBXProject "FireBaseAuthWithoutPod POC" */ = {
			isa = XCConfigurationList;
			buildConfigurations = (
				18C330342994F8DE00B879B6 /* Debug */,
				18C330352994F8DE00B879B6 /* Release */,
			);
			defaultConfigurationIsVisible = 0;
			defaultConfigurationName = Release;
		};
		18C330362994F8DE00B879B6 /* Build configuration list for PBXNativeTarget "FireBaseAuthWithoutPod POC" */ = {
			isa = XCConfigurationList;
			buildConfigurations = (
				18C330372994F8DE00B879B6 /* Debug */,
				18C330382994F8DE00B879B6 /* Release */,
			);
			defaultConfigurationIsVisible = 0;
			defaultConfigurationName = Release;
		};
/* End XCConfigurationList section */

/* Begin XCRemoteSwiftPackageReference section */
		18C330712994FF4500B879B6 /* XCRemoteSwiftPackageReference "firebase-ios-sdk" */ = {
			isa = XCRemoteSwiftPackageReference;
			repositoryURL = "https://github.com/firebase/firebase-ios-sdk";
			requirement = {
				kind = upToNextMajorVersion;
				minimumVersion = 9.0.0;
			};
		};
/* End XCRemoteSwiftPackageReference section */

/* Begin XCSwiftPackageProductDependency section */
		18C330722994FF4600B879B6 /* FirebaseAuth */ = {
			isa = XCSwiftPackageProductDependency;
			package = 18C330712994FF4500B879B6 /* XCRemoteSwiftPackageReference "firebase-ios-sdk" */;
			productName = FirebaseAuth;
		};
		18C330742994FF4600B879B6 /* FirebaseDatabase */ = {
			isa = XCSwiftPackageProductDependency;
			package = 18C330712994FF4500B879B6 /* XCRemoteSwiftPackageReference "firebase-ios-sdk" */;
			productName = FirebaseDatabase;
		};
		18C330762994FF4600B879B6 /* FirebaseFirestore */ = {
			isa = XCSwiftPackageProductDependency;
			package = 18C330712994FF4500B879B6 /* XCRemoteSwiftPackageReference "firebase-ios-sdk" */;
			productName = FirebaseFirestore;
		};
		18C330782994FF4600B879B6 /* FirebaseFirestoreSwift */ = {
			isa = XCSwiftPackageProductDependency;
			package = 18C330712994FF4500B879B6 /* XCRemoteSwiftPackageReference "firebase-ios-sdk" */;
			productName = FirebaseFirestoreSwift;
		};
/* End XCSwiftPackageProductDependency section */
	};
	rootObject = 18C330202994F8DD00B879B6 /* Project object */;
}
